{
  "originHash" : "6f5bf57db21f6dc65906f6f02ab6c996628ac48b8cdcc4b646d97ffb8d36434e",
  "pins" : [
    {
      "identity" : "singular-ios-sdk",
      "kind" : "remoteSourceControl",
      "location" : "https://github.com/singular-labs/Singular-iOS-SDK",
      "state" : {
        "revision" : "4c8afd06de543d22fc14392d6c5a0e0b10936375",
        "version" : "12.3.2"
      }
    }
  ],
  "version" : 3
}
